
Microsoft Visual Studio Solution File, Format Version 12.00
# Visual Studio Version 17
VisualStudioVersion = 17.5.33516.290
MinimumVisualStudioVersion = 10.0.40219.1
Project("{FAE04EC0-301F-11D3-BF4B-00C04F79EFBC}") = "Sender", "Sender.csproj", "{5A358D6E-676A-4A8B-A9EF-AE7FFCE90D06}"
EndProject
Project("{FAE04EC0-301F-11D3-BF4B-00C04F79EFBC}") = "ConsoleApp1", "..\ConsoleApp1\ConsoleApp1.csproj", "{B2AC3B1D-747B-42A2-8CE9-F90CACCE6AE3}"
EndProject
Project("{FAE04EC0-301F-11D3-BF4B-00C04F79EFBC}") = "SenderUI", "..\SenderUI\SenderUI.csproj", "{02D4D942-0E56-4467-B479-3D1339D991B6}"
EndProject
Global
	GlobalSection(SolutionConfigurationPlatforms) = preSolution
		Debug|Any CPU = Debug|Any CPU
		Release|Any CPU = Release|Any CPU
	EndGlobalSection
	GlobalSection(ProjectConfigurationPlatforms) = postSolution
		{5A358D6E-676A-4A8B-A9EF-AE7FFCE90D06}.Debug|Any CPU.ActiveCfg = Debug|Any CPU
		{5A358D6E-676A-4A8B-A9EF-AE7FFCE90D06}.Debug|Any CPU.Build.0 = Debug|Any CPU
		{5A358D6E-676A-4A8B-A9EF-AE7FFCE90D06}.Release|Any CPU.ActiveCfg = Release|Any CPU
		{5A358D6E-676A-4A8B-A9EF-AE7FFCE90D06}.Release|Any CPU.Build.0 = Release|Any CPU
		{B2AC3B1D-747B-42A2-8CE9-F90CACCE6AE3}.Debug|Any CPU.ActiveCfg = Debug|Any CPU
		{B2AC3B1D-747B-42A2-8CE9-F90CACCE6AE3}.Debug|Any CPU.Build.0 = Debug|Any CPU
		{B2AC3B1D-747B-42A2-8CE9-F90CACCE6AE3}.Release|Any CPU.ActiveCfg = Release|Any CPU
		{B2AC3B1D-747B-42A2-8CE9-F90CACCE6AE3}.Release|Any CPU.Build.0 = Release|Any CPU
		{02D4D942-0E56-4467-B479-3D1339D991B6}.Debug|Any CPU.ActiveCfg = Debug|Any CPU
		{02D4D942-0E56-4467-B479-3D1339D991B6}.Debug|Any CPU.Build.0 = Debug|Any CPU
		{02D4D942-0E56-4467-B479-3D1339D991B6}.Release|Any CPU.ActiveCfg = Release|Any CPU
		{02D4D942-0E56-4467-B479-3D1339D991B6}.Release|Any CPU.Build.0 = Release|Any CPU
	EndGlobalSection
	GlobalSection(SolutionProperties) = preSolution
		HideSolutionNode = FALSE
	EndGlobalSection
	GlobalSection(ExtensibilityGlobals) = postSolution
		SolutionGuid = {7E4A8A9E-0335-4838-8EF1-984A091C31FF}
	EndGlobalSection
EndGlobal
